
Microsoft Visual Studio Solution File, Format Version 12.00
# Visual Studio Version 17
VisualStudioVersion = 17.1.32421.90
MinimumVisualStudioVersion = 10.0.40219.1
Project("{FAE04EC0-301F-11D3-BF4B-00C04F79EFBC}") = "UIQ_CronTab", "UIQ_CronTab\UIQ_CronTab.csproj", "{761D35A0-BCCE-4418-9C89-EB699161036D}"
EndProject
Global
	GlobalSection(SolutionConfigurationPlatforms) = preSolution
		Debug|Any CPU = Debug|Any CPU
		Release|Any CPU = Release|Any CPU
	EndGlobalSection
	GlobalSection(ProjectConfigurationPlatforms) = postSolution
		{761D35A0-BCCE-4418-9C89-EB699161036D}.Debug|Any CPU.ActiveCfg = Debug|Any CPU
		{761D35A0-BCCE-4418-9C89-EB699161036D}.Debug|Any CPU.Build.0 = Debug|Any CPU
		{761D35A0-BCCE-4418-9C89-EB699161036D}.Release|Any CPU.ActiveCfg = Release|Any CPU
		{761D35A0-BCCE-4418-9C89-EB699161036D}.Release|Any CPU.Build.0 = Release|Any CPU
	EndGlobalSection
	GlobalSection(SolutionProperties) = preSolution
		HideSolutionNode = FALSE
	EndGlobalSection
	GlobalSection(ExtensibilityGlobals) = postSolution
		SolutionGuid = {482559E5-A986-400E-9EE0-C3734273252D}
	EndGlobalSection
EndGlobal
